
Microsoft Visual Studio Solution File, Format Version 12.00
# Visual Studio 15
VisualStudioVersion = 15.0.27004.2010
MinimumVisualStudioVersion = 10.0.40219.1
Project("{8BC9CEB8-8B4A-11D0-8D11-00A0C91BC942}") = "Fit Algorithms - CSC305Lab2", "Fit Algorithms - CSC305Lab2\Fit Algorithms - CSC305Lab2.vcxproj", "{EFFD8E10-B413-4F87-AFF5-FB04182055AB}"
EndProject
Global
	GlobalSection(SolutionConfigurationPlatforms) = preSolution
		Debug|x64 = Debug|x64
		Debug|x86 = Debug|x86
		Release|x64 = Release|x64
		Release|x86 = Release|x86
	EndGlobalSection
	GlobalSection(ProjectConfigurationPlatforms) = postSolution
		{EFFD8E10-B413-4F87-AFF5-FB04182055AB}.Debug|x64.ActiveCfg = Debug|x64
		{EFFD8E10-B413-4F87-AFF5-FB04182055AB}.Debug|x64.Build.0 = Debug|x64
		{EFFD8E10-B413-4F87-AFF5-FB04182055AB}.Debug|x86.ActiveCfg = Debug|Win32
		{EFFD8E10-B413-4F87-AFF5-FB04182055AB}.Debug|x86.Build.0 = Debug|Win32
		{EFFD8E10-B413-4F87-AFF5-FB04182055AB}.Release|x64.ActiveCfg = Release|x64
		{EFFD8E10-B413-4F87-AFF5-FB04182055AB}.Release|x64.Build.0 = Release|x64
		{EFFD8E10-B413-4F87-AFF5-FB04182055AB}.Release|x86.ActiveCfg = Release|Win32
		{EFFD8E10-B413-4F87-AFF5-FB04182055AB}.Release|x86.Build.0 = Release|Win32
	EndGlobalSection
	GlobalSection(SolutionProperties) = preSolution
		HideSolutionNode = FALSE
	EndGlobalSection
	GlobalSection(ExtensibilityGlobals) = postSolution
		SolutionGuid = {4BA0152C-89E4-4184-B0B7-43F85F34E1D4}
	EndGlobalSection
EndGlobal
